
Microsoft Visual Studio Solution File, Format Version 12.00
# Visual Studio Version 17
Project("{8BC9CEB8-8B4A-11D0-8D11-00A0C91BC942}") = "ALL_BUILD", "ALL_BUILD.vcxproj", "{C333C9AD-5058-32BC-B3E1-8634B5A2E79B}"
	ProjectSection(ProjectDependencies) = postProject
		{E6DE87A1-C699-3FD8-B1AD-596EB167BC48} = {E6DE87A1-C699-3FD8-B1AD-596EB167BC48}
		{299F1A3F-4989-3CA2-AAE2-208C40F4D8BE} = {299F1A3F-4989-3CA2-AAE2-208C40F4D8BE}
	EndProjectSection
EndProject
Project("{8BC9CEB8-8B4A-11D0-8D11-00A0C91BC942}") = "ZERO_CHECK", "ZERO_CHECK.vcxproj", "{E6DE87A1-C699-3FD8-B1AD-596EB167BC48}"
	ProjectSection(ProjectDependencies) = postProject
	EndProjectSection
EndProject
Project("{8BC9CEB8-8B4A-11D0-8D11-00A0C91BC942}") = "bidirectional_list", "bidirectional_list.vcxproj", "{299F1A3F-4989-3CA2-AAE2-208C40F4D8BE}"
	ProjectSection(ProjectDependencies) = postProject
		{E6DE87A1-C699-3FD8-B1AD-596EB167BC48} = {E6DE87A1-C699-3FD8-B1AD-596EB167BC48}
	EndProjectSection
EndProject
Global
	GlobalSection(SolutionConfigurationPlatforms) = preSolution
		Debug|x64 = Debug|x64
		Release|x64 = Release|x64
		MinSizeRel|x64 = MinSizeRel|x64
		RelWithDebInfo|x64 = RelWithDebInfo|x64
	EndGlobalSection
	GlobalSection(ProjectConfigurationPlatforms) = postSolution
		{C333C9AD-5058-32BC-B3E1-8634B5A2E79B}.Debug|x64.ActiveCfg = Debug|x64
		{C333C9AD-5058-32BC-B3E1-8634B5A2E79B}.Release|x64.ActiveCfg = Release|x64
		{C333C9AD-5058-32BC-B3E1-8634B5A2E79B}.MinSizeRel|x64.ActiveCfg = MinSizeRel|x64
		{C333C9AD-5058-32BC-B3E1-8634B5A2E79B}.RelWithDebInfo|x64.ActiveCfg = RelWithDebInfo|x64
		{E6DE87A1-C699-3FD8-B1AD-596EB167BC48}.Debug|x64.ActiveCfg = Debug|x64
		{E6DE87A1-C699-3FD8-B1AD-596EB167BC48}.Debug|x64.Build.0 = Debug|x64
		{E6DE87A1-C699-3FD8-B1AD-596EB167BC48}.Release|x64.ActiveCfg = Release|x64
		{E6DE87A1-C699-3FD8-B1AD-596EB167BC48}.Release|x64.Build.0 = Release|x64
		{E6DE87A1-C699-3FD8-B1AD-596EB167BC48}.MinSizeRel|x64.ActiveCfg = MinSizeRel|x64
		{E6DE87A1-C699-3FD8-B1AD-596EB167BC48}.MinSizeRel|x64.Build.0 = MinSizeRel|x64
		{E6DE87A1-C699-3FD8-B1AD-596EB167BC48}.RelWithDebInfo|x64.ActiveCfg = RelWithDebInfo|x64
		{E6DE87A1-C699-3FD8-B1AD-596EB167BC48}.RelWithDebInfo|x64.Build.0 = RelWithDebInfo|x64
		{299F1A3F-4989-3CA2-AAE2-208C40F4D8BE}.Debug|x64.ActiveCfg = Debug|x64
		{299F1A3F-4989-3CA2-AAE2-208C40F4D8BE}.Debug|x64.Build.0 = Debug|x64
		{299F1A3F-4989-3CA2-AAE2-208C40F4D8BE}.Release|x64.ActiveCfg = Release|x64
		{299F1A3F-4989-3CA2-AAE2-208C40F4D8BE}.Release|x64.Build.0 = Release|x64
		{299F1A3F-4989-3CA2-AAE2-208C40F4D8BE}.MinSizeRel|x64.ActiveCfg = MinSizeRel|x64
		{299F1A3F-4989-3CA2-AAE2-208C40F4D8BE}.MinSizeRel|x64.Build.0 = MinSizeRel|x64
		{299F1A3F-4989-3CA2-AAE2-208C40F4D8BE}.RelWithDebInfo|x64.ActiveCfg = RelWithDebInfo|x64
		{299F1A3F-4989-3CA2-AAE2-208C40F4D8BE}.RelWithDebInfo|x64.Build.0 = RelWithDebInfo|x64
	EndGlobalSection
	GlobalSection(ExtensibilityGlobals) = postSolution
		SolutionGuid = {6A3840F9-5A40-3F0B-8D7D-DA4F3568C508}
	EndGlobalSection
	GlobalSection(ExtensibilityAddIns) = postSolution
	EndGlobalSection
EndGlobal
